
Microsoft Visual Studio Solution File, Format Version 12.00
# Visual Studio Version 17
VisualStudioVersion = 17.5.33424.131
MinimumVisualStudioVersion = 10.0.40219.1
Project("{FAE04EC0-301F-11D3-BF4B-00C04F79EFBC}") = "MinimalAPIDemo", "MinimalAPIDemo\MinimalAPIDemo.csproj", "{1704C088-7602-44FE-BCAC-2DCE62331CAE}"
EndProject
Project("{00D1A9C2-B5F0-4AF3-8072-F6C62B433612}") = "UserDB", "UserDB\UserDB.sqlproj", "{EFEA1C41-560F-495A-8625-C5A50F302745}"
EndProject
Project("{FAE04EC0-301F-11D3-BF4B-00C04F79EFBC}") = "DataAccess", "DataAccess\DataAccess.csproj", "{9FB434DF-C549-4F2F-AA2B-959E360273E8}"
EndProject
Global
	GlobalSection(SolutionConfigurationPlatforms) = preSolution
		Debug|Any CPU = Debug|Any CPU
		Release|Any CPU = Release|Any CPU
	EndGlobalSection
	GlobalSection(ProjectConfigurationPlatforms) = postSolution
		{1704C088-7602-44FE-BCAC-2DCE62331CAE}.Debug|Any CPU.ActiveCfg = Debug|Any CPU
		{1704C088-7602-44FE-BCAC-2DCE62331CAE}.Debug|Any CPU.Build.0 = Debug|Any CPU
		{1704C088-7602-44FE-BCAC-2DCE62331CAE}.Release|Any CPU.ActiveCfg = Release|Any CPU
		{1704C088-7602-44FE-BCAC-2DCE62331CAE}.Release|Any CPU.Build.0 = Release|Any CPU
		{EFEA1C41-560F-495A-8625-C5A50F302745}.Debug|Any CPU.ActiveCfg = Debug|Any CPU
		{EFEA1C41-560F-495A-8625-C5A50F302745}.Debug|Any CPU.Build.0 = Debug|Any CPU
		{EFEA1C41-560F-495A-8625-C5A50F302745}.Debug|Any CPU.Deploy.0 = Debug|Any CPU
		{EFEA1C41-560F-495A-8625-C5A50F302745}.Release|Any CPU.ActiveCfg = Release|Any CPU
		{EFEA1C41-560F-495A-8625-C5A50F302745}.Release|Any CPU.Build.0 = Release|Any CPU
		{EFEA1C41-560F-495A-8625-C5A50F302745}.Release|Any CPU.Deploy.0 = Release|Any CPU
		{9FB434DF-C549-4F2F-AA2B-959E360273E8}.Debug|Any CPU.ActiveCfg = Debug|Any CPU
		{9FB434DF-C549-4F2F-AA2B-959E360273E8}.Debug|Any CPU.Build.0 = Debug|Any CPU
		{9FB434DF-C549-4F2F-AA2B-959E360273E8}.Release|Any CPU.ActiveCfg = Release|Any CPU
		{9FB434DF-C549-4F2F-AA2B-959E360273E8}.Release|Any CPU.Build.0 = Release|Any CPU
	EndGlobalSection
	GlobalSection(SolutionProperties) = preSolution
		HideSolutionNode = FALSE
	EndGlobalSection
	GlobalSection(ExtensibilityGlobals) = postSolution
		SolutionGuid = {CF128423-D79B-4C20-A722-3B7CAC442A1A}
	EndGlobalSection
EndGlobal
